
Microsoft Visual Studio Solution File, Format Version 12.00
Project("{FAE04EC0-301F-11D3-BF4B-00C04F79EFBC}") = "MinimalApi", "MinimalApi\MinimalApi.csproj", "{05D2C5CA-061A-4C0F-AAC3-B99B613AE7F0}"
EndProject
Global
	GlobalSection(SolutionConfigurationPlatforms) = preSolution
		Debug|Any CPU = Debug|Any CPU
		Release|Any CPU = Release|Any CPU
	EndGlobalSection
	GlobalSection(ProjectConfigurationPlatforms) = postSolution
		{05D2C5CA-061A-4C0F-AAC3-B99B613AE7F0}.Debug|Any CPU.ActiveCfg = Debug|Any CPU
		{05D2C5CA-061A-4C0F-AAC3-B99B613AE7F0}.Debug|Any CPU.Build.0 = Debug|Any CPU
		{05D2C5CA-061A-4C0F-AAC3-B99B613AE7F0}.Release|Any CPU.ActiveCfg = Release|Any CPU
		{05D2C5CA-061A-4C0F-AAC3-B99B613AE7F0}.Release|Any CPU.Build.0 = Release|Any CPU
	EndGlobalSection
EndGlobal
